// !$*UTF8*$!
{
	archiveVersion = 1;
	classes = {
	};
	objectVersion = 46;
	objects = {

/* Begin PBXBuildFile section */
		2EB615DD1D506609006B1A37 /* main.m in Sources */ = {isa = PBXBuildFile; fileRef = 2EB615DC1D506609006B1A37 /* main.m */; };
		2EB615E01D506609006B1A37 /* AppDelegate.m in Sources */ = {isa = PBXBuildFile; fileRef = 2EB615DF1D506609006B1A37 /* AppDelegate.m */; };
		2EB615E31D506609006B1A37 /* ViewController.m in Sources */ = {isa = PBXBuildFile; fileRef = 2EB615E21D506609006B1A37 /* ViewController.m */; };
		2EB615E61D506609006B1A37 /* Main.storyboard in Resources */ = {isa = PBXBuildFile; fileRef = 2EB615E41D506609006B1A37 /* Main.storyboard */; };
		2EB615E81D506609006B1A37 /* Assets.xcassets in Resources */ = {isa = PBXBuildFile; fileRef = 2EB615E71D506609006B1A37 /* Assets.xcassets */; };
		2EB615EB1D506609006B1A37 /* LaunchScreen.storyboard in Resources */ = {isa = PBXBuildFile; fileRef = 2EB615E91D506609006B1A37 /* LaunchScreen.storyboard */; };
		2EB615F61D506609006B1A37 /* CalculatorTests.m in Sources */ = {isa = PBXBuildFile; fileRef = 2EB615F51D506609006B1A37 /* CalculatorTests.m */; };
		2EB616011D506609006B1A37 /* CalculatorUITests.m in Sources */ = {isa = PBXBuildFile; fileRef = 2EB616001D506609006B1A37 /* CalculatorUITests.m */; };
/* End PBXBuildFile section */

/* Begin PBXContainerItemProxy section */
		2EB615F21D506609006B1A37 /* PBXContainerItemProxy */ = {
			isa = PBXContainerItemProxy;
			containerPortal = 2EB615D01D506609006B1A37 /* Project object */;
			proxyType = 1;
			remoteGlobalIDString = 2EB615D71D506609006B1A37;
			remoteInfo = Calculator;
		};
		2EB615FD1D506609006B1A37 /* PBXContainerItemProxy */ = {
			isa = PBXContainerItemProxy;
			containerPortal = 2EB615D01D506609006B1A37 /* Project object */;
			proxyType = 1;
			remoteGlobalIDString = 2EB615D71D506609006B1A37;
			remoteInfo = Calculator;
		};
/* End PBXContainerItemProxy section */

/* Begin PBXFileReference section */
		2EB615D81D506609006B1A37 /* Calculator.app */ = {isa = PBXFileReference; explicitFileType = wrapper.application; includeInIndex = 0; path = Calculator.app; sourceTree = BUILT_PRODUCTS_DIR; };
		2EB615DC1D506609006B1A37 /* main.m */ = {isa = PBXFileReference; lastKnownFileType = sourcecode.c.objc; path = main.m; sourceTree = "<group>"; };
		2EB615DE1D506609006B1A37 /* AppDelegate.h */ = {isa = PBXFileReference; lastKnownFileType = sourcecode.c.h; path = AppDelegate.h; sourceTree = "<group>"; };
		2EB615DF1D506609006B1A37 /* AppDelegate.m */ = {isa = PBXFileReference; lastKnownFileType = sourcecode.c.objc; path = AppDelegate.m; sourceTree = "<group>"; };
		2EB615E11D506609006B1A37 /* ViewController.h */ = {isa = PBXFileReference; lastKnownFileType = sourcecode.c.h; path = ViewController.h; sourceTree = "<group>"; };
		2EB615E21D506609006B1A37 /* ViewController.m */ = {isa = PBXFileReference; lastKnownFileType = sourcecode.c.objc; path = ViewController.m; sourceTree = "<group>"; };
		2EB615E51D506609006B1A37 /* Base */ = {isa = PBXFileReference; lastKnownFileType = file.storyboard; name = Base; path = Base.lproj/Main.storyboard; sourceTree = "<group>"; };
		2EB615E71D506609006B1A37 /* Assets.xcassets */ = {isa = PBXFileReference; lastKnownFileType = folder.assetcatalog; path = Assets.xcassets; sourceTree = "<group>"; };
		2EB615EA1D506609006B1A37 /* Base */ = {isa = PBXFileReference; lastKnownFileType = file.storyboard; name = Base; path = Base.lproj/LaunchScreen.storyboard; sourceTree = "<group>"; };
		2EB615EC1D506609006B1A37 /* Info.plist */ = {isa = PBXFileReference; lastKnownFileType = text.plist.xml; path = Info.plist; sourceTree = "<group>"; };
		2EB615F11D506609006B1A37 /* CalculatorTests.xctest */ = {isa = PBXFileReference; explicitFileType = wrapper.cfbundle; includeInIndex = 0; path = CalculatorTests.xctest; sourceTree = BUILT_PRODUCTS_DIR; };
		2EB615F51D506609006B1A37 /* CalculatorTests.m */ = {isa = PBXFileReference; lastKnownFileType = sourcecode.c.objc; path = CalculatorTests.m; sourceTree = "<group>"; };
		2EB615F71D506609006B1A37 /* Info.plist */ = {isa = PBXFileReference; lastKnownFileType = text.plist.xml; path = Info.plist; sourceTree = "<group>"; };
		2EB615FC1D506609006B1A37 /* CalculatorUITests.xctest */ = {isa = PBXFileReference; explicitFileType = wrapper.cfbundle; includeInIndex = 0; path = CalculatorUITests.xctest; sourceTree = BUILT_PRODUCTS_DIR; };
		2EB616001D506609006B1A37 /* CalculatorUITests.m */ = {isa = PBXFileReference; lastKnownFileType = sourcecode.c.objc; path = CalculatorUITests.m; sourceTree = "<group>"; };
		2EB616021D506609006B1A37 /* Info.plist */ = {isa = PBXFileReference; lastKnownFileType = text.plist.xml; path = Info.plist; sourceTree = "<group>"; };
/* End PBXFileReference section */

/* Begin PBXFrameworksBuildPhase section */
		2EB615D51D506609006B1A37 /* Frameworks */ = {
			isa = PBXFrameworksBuildPhase;
			buildActionMask = 2147483647;
			files = (
			);
			runOnlyForDeploymentPostprocessing = 0;
		};
		2EB615EE1D506609006B1A37 /* Frameworks */ = {
			isa = PBXFrameworksBuildPhase;
			buildActionMask = 2147483647;
			files = (
			);
			runOnlyForDeploymentPostprocessing = 0;
		};
		2EB615F91D506609006B1A37 /* Frameworks */ = {
			isa = PBXFrameworksBuildPhase;
			buildActionMask = 2147483647;
			files = (
			);
			runOnlyForDeploymentPostprocessing = 0;
		};
/* End PBXFrameworksBuildPhase section */

/* Begin PBXGroup section */
		2EB615CF1D506609006B1A37 = {
			isa = PBXGroup;
			children = (
				2EB615DA1D506609006B1A37 /* Calculator */,
				2EB615F41D506609006B1A37 /* CalculatorTests */,
				2EB615FF1D506609006B1A37 /* CalculatorUITests */,
				2EB615D91D506609006B1A37 /* Products */,
			);
			sourceTree = "<group>";
		};
		2EB615D91D506609006B1A37 /* Products */ = {
			isa = PBXGroup;
			children = (
				2EB615D81D506609006B1A37 /* Calculator.app */,
				2EB615F11D506609006B1A37 /* CalculatorTests.xctest */,
				2EB615FC1D506609006B1A37 /* CalculatorUITests.xctest */,
			);
			name = Products;
			sourceTree = "<group>";
		};
		2EB615DA1D506609006B1A37 /* Calculator */ = {
			isa = PBXGroup;
			children = (
				2EB615DE1D506609006B1A37 /* AppDelegate.h */,
				2EB615DF1D506609006B1A37 /* AppDelegate.m */,
				2EB615E11D506609006B1A37 /* ViewController.h */,
				2EB615E21D506609006B1A37 /* ViewController.m */,
				2EB615E41D506609006B1A37 /* Main.storyboard */,
				2EB615E71D506609006B1A37 /* Assets.xcassets */,
				2EB615E91D506609006B1A37 /* LaunchScreen.storyboard */,
				2EB615EC1D506609006B1A37 /* Info.plist */,
				2EB615DB1D506609006B1A37 /* Supporting Files */,
			);
			path = Calculator;
			sourceTree = "<group>";
		};
		2EB615DB1D506609006B1A37 /* Supporting Files */ = {
			isa = PBXGroup;
			children = (
				2EB615DC1D506609006B1A37 /* main.m */,
			);
			name = "Supporting Files";
			sourceTree = "<group>";
		};
		2EB615F41D506609006B1A37 /* CalculatorTests */ = {
			isa = PBXGroup;
			children = (
				2EB615F51D506609006B1A37 /* CalculatorTests.m */,
				2EB615F71D506609006B1A37 /* Info.plist */,
			);
			path = CalculatorTests;
			sourceTree = "<group>";
		};
		2EB615FF1D506609006B1A37 /* CalculatorUITests */ = {
			isa = PBXGroup;
			children = (
				2EB616001D506609006B1A37 /* CalculatorUITests.m */,
				2EB616021D506609006B1A37 /* Info.plist */,
			);
			path = CalculatorUITests;
			sourceTree = "<group>";
		};
/* End PBXGroup section */

/* Begin PBXNativeTarget section */
		2EB615D71D506609006B1A37 /* Calculator */ = {
			isa = PBXNativeTarget;
			buildConfigurationList = 2EB616051D506609006B1A37 /* Build configuration list for PBXNativeTarget "Calculator" */;
			buildPhases = (
				2EB615D41D506609006B1A37 /* Sources */,
				2EB615D51D506609006B1A37 /* Frameworks */,
				2EB615D61D506609006B1A37 /* Resources */,
			);
			buildRules = (
			);
			dependencies = (
			);
			name = Calculator;
			productName = Calculator;
			productReference = 2EB615D81D506609006B1A37 /* Calculator.app */;
			productType = "com.apple.product-type.application";
		};
		2EB615F01D506609006B1A37 /* CalculatorTests */ = {
			isa = PBXNativeTarget;
			buildConfigurationList = 2EB616081D506609006B1A37 /* Build configuration list for PBXNativeTarget "CalculatorTests" */;
			buildPhases = (
				2EB615ED1D506609006B1A37 /* Sources */,
				2EB615EE1D506609006B1A37 /* Frameworks */,
				2EB615EF1D506609006B1A37 /* Resources */,
			);
			buildRules = (
			);
			dependencies = (
				2EB615F31D506609006B1A37 /* PBXTargetDependency */,
			);
			name = CalculatorTests;
			productName = CalculatorTests;
			productReference = 2EB615F11D506609006B1A37 /* CalculatorTests.xctest */;
			productType = "com.apple.product-type.bundle.unit-test";
		};
		2EB615FB1D506609006B1A37 /* CalculatorUITests */ = {
			isa = PBXNativeTarget;
			buildConfigurationList = 2EB6160B1D506609006B1A37 /* Build configuration list for PBXNativeTarget "CalculatorUITests" */;
			buildPhases = (
				2EB615F81D506609006B1A37 /* Sources */,
				2EB615F91D506609006B1A37 /* Frameworks */,
				2EB615FA1D506609006B1A37 /* Resources */,
			);
			buildRules = (
			);
			dependencies = (
				2EB615FE1D506609006B1A37 /* PBXTargetDependency */,
			);
			name = CalculatorUITests;
			productName = CalculatorUITests;
			productReference = 2EB615FC1D506609006B1A37 /* CalculatorUITests.xctest */;
			productType = "com.apple.product-type.bundle.ui-testing";
		};
/* End PBXNativeTarget section */

/* Begin PBXProject section */
		2EB615D01D506609006B1A37 /* Project object */ = {
			isa = PBXProject;
			attributes = {
				LastUpgradeCheck = 0730;
				ORGANIZATIONNAME = "Wei\nFan";
				TargetAttributes = {
					2EB615D71D506609006B1A37 = {
						CreatedOnToolsVersion = 7.3.1;
						DevelopmentTeam = 6K9Z395B8F;
					};
					2EB615F01D506609006B1A37 = {
						CreatedOnToolsVersion = 7.3.1;
						TestTargetID = 2EB615D71D506609006B1A37;
					};
					2EB615FB1D506609006B1A37 = {
						CreatedOnToolsVersion = 7.3.1;
						TestTargetID = 2EB615D71D506609006B1A37;
					};
				};
			};
			buildConfigurationList = 2EB615D31D506609006B1A37 /* Build configuration list for PBXProject "Calculator" */;
			compatibilityVersion = "Xcode 3.2";
			developmentRegion = English;
			hasScannedForEncodings = 0;
			knownRegions = (
				en,
				Base,
			);
			mainGroup = 2EB615CF1D506609006B1A37;
			productRefGroup = 2EB615D91D506609006B1A37 /* Products */;
			projectDirPath = "";
			projectRoot = "";
			targets = (
				2EB615D71D506609006B1A37 /* Calculator */,
				2EB615F01D506609006B1A37 /* CalculatorTests */,
				2EB615FB1D506609006B1A37 /* CalculatorUITests */,
			);
		};
/* End PBXProject section */

/* Begin PBXResourcesBuildPhase section */
		2EB615D61D506609006B1A37 /* Resources */ = {
			isa = PBXResourcesBuildPhase;
			buildActionMask = 2147483647;
			files = (
				2EB615EB1D506609006B1A37 /* LaunchScreen.storyboard in Resources */,
				2EB615E81D506609006B1A37 /* Assets.xcassets in Resources */,
				2EB615E61D506609006B1A37 /* Main.storyboard in Resources */,
			);
			runOnlyForDeploymentPostprocessing = 0;
		};
		2EB615EF1D506609006B1A37 /* Resources */ = {
			isa = PBXResourcesBuildPhase;
			buildActionMask = 2147483647;
			files = (
			);
			runOnlyForDeploymentPostprocessing = 0;
		};
		2EB615FA1D506609006B1A37 /* Resources */ = {
			isa = PBXResourcesBuildPhase;
			buildActionMask = 2147483647;
			files = (
			);
			runOnlyForDeploymentPostprocessing = 0;
		};
/* End PBXResourcesBuildPhase section */

/* Begin PBXSourcesBuildPhase section */
		2EB615D41D506609006B1A37 /* Sources */ = {
			isa = PBXSourcesBuildPhase;
			buildActionMask = 2147483647;
			files = (
				2EB615E31D506609006B1A37 /* ViewController.m in Sources */,
				2EB615E01D506609006B1A37 /* AppDelegate.m in Sources */,
				2EB615DD1D506609006B1A37 /* main.m in Sources */,
			);
			runOnlyForDeploymentPostprocessing = 0;
		};
		2EB615ED1D506609006B1A37 /* Sources */ = {
			isa = PBXSourcesBuildPhase;
			buildActionMask = 2147483647;
			files = (
				2EB615F61D506609006B1A37 /* CalculatorTests.m in Sources */,
			);
			runOnlyForDeploymentPostprocessing = 0;
		};
		2EB615F81D506609006B1A37 /* Sources */ = {
			isa = PBXSourcesBuildPhase;
			buildActionMask = 2147483647;
			files = (
				2EB616011D506609006B1A37 /* CalculatorUITests.m in Sources */,
			);
			runOnlyForDeploymentPostprocessing = 0;
		};
/* End PBXSourcesBuildPhase section */

/* Begin PBXTargetDependency section */
		2EB615F31D506609006B1A37 /* PBXTargetDependency */ = {
			isa = PBXTargetDependency;
			target = 2EB615D71D506609006B1A37 /* Calculator */;
			targetProxy = 2EB615F21D506609006B1A37 /* PBXContainerItemProxy */;
		};
		2EB615FE1D506609006B1A37 /* PBXTargetDependency */ = {
			isa = PBXTargetDependency;
			target = 2EB615D71D506609006B1A37 /* Calculator */;
			targetProxy = 2EB615FD1D506609006B1A37 /* PBXContainerItemProxy */;
		};
/* End PBXTargetDependency section */

/* Begin PBXVariantGroup section */
		2EB615E41D506609006B1A37 /* Main.storyboard */ = {
			isa = PBXVariantGroup;
			children = (
				2EB615E51D506609006B1A37 /* Base */,
			);
			name = Main.storyboard;
			sourceTree = "<group>";
		};
		2EB615E91D506609006B1A37 /* LaunchScreen.storyboard */ = {
			isa = PBXVariantGroup;
			children = (
				2EB615EA1D506609006B1A37 /* Base */,
			);
			name = LaunchScreen.storyboard;
			sourceTree = "<group>";
		};
/* End PBXVariantGroup section */

/* Begin XCBuildConfiguration section */
		2EB616031D506609006B1A37 /* Debug */ = {
			isa = XCBuildConfiguration;
			buildSettings = {
				ALWAYS_SEARCH_USER_PATHS = NO;
				CLANG_ANALYZER_NONNULL = YES;
				CLANG_CXX_LANGUAGE_STANDARD = "gnu++0x";
				CLANG_CXX_LIBRARY = "libc++";
				CLANG_ENABLE_MODULES = YES;
				CLANG_ENABLE_OBJC_ARC = YES;
				CLANG_WARN_BOOL_CONVERSION = YES;
				CLANG_WARN_CONSTANT_CONVERSION = YES;
				CLANG_WARN_DIRECT_OBJC_ISA_USAGE = YES_ERROR;
				CLANG_WARN_EMPTY_BODY = YES;
				CLANG_WARN_ENUM_CONVERSION = YES;
				CLANG_WARN_INT_CONVERSION = YES;
				CLANG_WARN_OBJC_ROOT_CLASS = YES_ERROR;
				CLANG_WARN_UNREACHABLE_CODE = YES;
				CLANG_WARN__DUPLICATE_METHOD_MATCH = YES;
				"CODE_SIGN_IDENTITY[sdk=iphoneos*]" = "iPhone Developer";
				COPY_PHASE_STRIP = NO;
				DEBUG_INFORMATION_FORMAT = dwarf;
				ENABLE_STRICT_OBJC_MSGSEND = YES;
				ENABLE_TESTABILITY = YES;
				GCC_C_LANGUAGE_STANDARD = gnu99;
				GCC_DYNAMIC_NO_PIC = NO;
				GCC_NO_COMMON_BLOCKS = YES;
				GCC_OPTIMIZATION_LEVEL = 0;
				GCC_PREPROCESSOR_DEFINITIONS = (
					"DEBUG=1",
					"$(inherited)",
				);
				GCC_WARN_64_TO_32_BIT_CONVERSION = YES;
				GCC_WARN_ABOUT_RETURN_TYPE = YES_ERROR;
				GCC_WARN_UNDECLARED_SELECTOR = YES;
				GCC_WARN_UNINITIALIZED_AUTOS = YES_AGGRESSIVE;
				GCC_WARN_UNUSED_FUNCTION = YES;
				GCC_WARN_UNUSED_VARIABLE = YES;
				IPHONEOS_DEPLOYMENT_TARGET = 9.3;
				MTL_ENABLE_DEBUG_INFO = YES;
				ONLY_ACTIVE_ARCH = YES;
				SDKROOT = iphoneos;
			};
			name = Debug;
		};
		2EB616041D506609006B1A37 /* Release */ = {
			isa = XCBuildConfiguration;
			buildSettings = {
				ALWAYS_SEARCH_USER_PATHS = NO;
				CLANG_ANALYZER_NONNULL = YES;
				CLANG_CXX_LANGUAGE_STANDARD = "gnu++0x";
				CLANG_CXX_LIBRARY = "libc++";
				CLANG_ENABLE_MODULES = YES;
				CLANG_ENABLE_OBJC_ARC = YES;
				CLANG_WARN_BOOL_CONVERSION = YES;
				CLANG_WARN_CONSTANT_CONVERSION = YES;
				CLANG_WARN_DIRECT_OBJC_ISA_USAGE = YES_ERROR;
				CLANG_WARN_EMPTY_BODY = YES;
				CLANG_WARN_ENUM_CONVERSION = YES;
				CLANG_WARN_INT_CONVERSION = YES;
				CLANG_WARN_OBJC_ROOT_CLASS = YES_ERROR;
				CLANG_WARN_UNREACHABLE_CODE = YES;
				CLANG_WARN__DUPLICATE_METHOD_MATCH = YES;
				"CODE_SIGN_IDENTITY[sdk=iphoneos*]" = "iPhone Developer";
				COPY_PHASE_STRIP = NO;
				DEBUG_INFORMATION_FORMAT = "dwarf-with-dsym";
				ENABLE_NS_ASSERTIONS = NO;
				ENABLE_STRICT_OBJC_MSGSEND = YES;
				GCC_C_LANGUAGE_STANDARD = gnu99;
				GCC_NO_COMMON_BLOCKS = YES;
				GCC_WARN_64_TO_32_BIT_CONVERSION = YES;
				GCC_WARN_ABOUT_RETURN_TYPE = YES_ERROR;
				GCC_WARN_UNDECLARED_SELECTOR = YES;
				GCC_WARN_UNINITIALIZED_AUTOS = YES_AGGRESSIVE;
				GCC_WARN_UNUSED_FUNCTION = YES;
				GCC_WARN_UNUSED_VARIABLE = YES;
				IPHONEOS_DEPLOYMENT_TARGET = 9.3;
				MTL_ENABLE_DEBUG_INFO = NO;
				SDKROOT = iphoneos;
				VALIDATE_PRODUCT = YES;
			};
			name = Release;
		};
		2EB616061D506609006B1A37 /* Debug */ = {
			isa = XCBuildConfiguration;
			buildSettings = {
				ASSETCATALOG_COMPILER_APPICON_NAME = AppIcon;
				CODE_SIGN_IDENTITY = "iPhone Developer";
				"CODE_SIGN_IDENTITY[sdk=iphoneos*]" = "iPhone Developer";
				INFOPLIST_FILE = Calculator/Info.plist;
				IPHONEOS_DEPLOYMENT_TARGET = 9.2;
				LD_RUNPATH_SEARCH_PATHS = "$(inherited) @executable_path/Frameworks";
				PRODUCT_BUNDLE_IDENTIFIER = Fanwise.Calculator;
				PRODUCT_NAME = "$(TARGET_NAME)";
				PROVISIONING_PROFILE = "";
			};
			name = Debug;
		};
		2EB616071D506609006B1A37 /* Release */ = {
			isa = XCBuildConfiguration;
			buildSettings = {
				ASSETCATALOG_COMPILER_APPICON_NAME = AppIcon;
				CODE_SIGN_IDENTITY = "iPhone Developer";
				"CODE_SIGN_IDENTITY[sdk=iphoneos*]" = "iPhone Developer";
				INFOPLIST_FILE = Calculator/Info.plist;
				IPHONEOS_DEPLOYMENT_TARGET = 9.2;
				LD_RUNPATH_SEARCH_PATHS = "$(inherited) @executable_path/Frameworks";
				PRODUCT_BUNDLE_IDENTIFIER = Fanwise.Calculator;
				PRODUCT_NAME = "$(TARGET_NAME)";
				PROVISIONING_PROFILE = "";
			};
			name = Release;
		};
		2EB616091D506609006B1A37 /* Debug */ = {
			isa = XCBuildConfiguration;
			buildSettings = {
				BUNDLE_LOADER = "$(TEST_HOST)";
				INFOPLIST_FILE = CalculatorTests/Info.plist;
				LD_RUNPATH_SEARCH_PATHS = "$(inherited) @executable_path/Frameworks @loader_path/Frameworks";
				PRODUCT_BUNDLE_IDENTIFIER = Fanwise.CalculatorTests;
				PRODUCT_NAME = "$(TARGET_NAME)";
				TEST_HOST = "$(BUILT_PRODUCTS_DIR)/Calculator.app/Calculator";
			};
			name = Debug;
		};
		2EB6160A1D506609006B1A37 /* Release */ = {
			isa = XCBuildConfiguration;
			buildSettings = {
				BUNDLE_LOADER = "$(TEST_HOST)";
				INFOPLIST_FILE = CalculatorTests/Info.plist;
				LD_RUNPATH_SEARCH_PATHS = "$(inherited) @executable_path/Frameworks @loader_path/Frameworks";
				PRODUCT_BUNDLE_IDENTIFIER = Fanwise.CalculatorTests;
				PRODUCT_NAME = "$(TARGET_NAME)";
				TEST_HOST = "$(BUILT_PRODUCTS_DIR)/Calculator.app/Calculator";
			};
			name = Release;
		};
		2EB6160C1D506609006B1A37 /* Debug */ = {
			isa = XCBuildConfiguration;
			buildSettings = {
				INFOPLIST_FILE = CalculatorUITests/Info.plist;
				LD_RUNPATH_SEARCH_PATHS = "$(inherited) @executable_path/Frameworks @loader_path/Frameworks";
				PRODUCT_BUNDLE_IDENTIFIER = Fanwise.CalculatorUITests;
				PRODUCT_NAME = "$(TARGET_NAME)";
				TEST_TARGET_NAME = Calculator;
			};
			name = Debug;
		};
		2EB6160D1D506609006B1A37 /* Release */ = {
			isa = XCBuildConfiguration;
			buildSettings = {
				INFOPLIST_FILE = CalculatorUITests/Info.plist;
				LD_RUNPATH_SEARCH_PATHS = "$(inherited) @executable_path/Frameworks @loader_path/Frameworks";
				PRODUCT_BUNDLE_IDENTIFIER = Fanwise.CalculatorUITests;
				PRODUCT_NAME = "$(TARGET_NAME)";
				TEST_TARGET_NAME = Calculator;
			};
			name = Release;
		};
/* End XCBuildConfiguration section */

/* Begin XCConfigurationList section */
		2EB615D31D506609006B1A37 /* Build configuration list for PBXProject "Calculator" */ = {
			isa = XCConfigurationList;
			buildConfigurations = (
				2EB616031D506609006B1A37 /* Debug */,
				2EB616041D506609006B1A37 /* Release */,
			);
			defaultConfigurationIsVisible = 0;
			defaultConfigurationName = Release;
		};
		2EB616051D506609006B1A37 /* Build configuration list for PBXNativeTarget "Calculator" */ = {
			isa = XCConfigurationList;
			buildConfigurations = (
				2EB616061D506609006B1A37 /* Debug */,
				2EB616071D506609006B1A37 /* Release */,
			);
			defaultConfigurationIsVisible = 0;
		};
		2EB616081D506609006B1A37 /* Build configuration list for PBXNativeTarget "CalculatorTests" */ = {
			isa = XCConfigurationList;
			buildConfigurations = (
				2EB616091D506609006B1A37 /* Debug */,
				2EB6160A1D506609006B1A37 /* Release */,
			);
			defaultConfigurationIsVisible = 0;
		};
		2EB6160B1D506609006B1A37 /* Build configuration list for PBXNativeTarget "CalculatorUITests" */ = {
			isa = XCConfigurationList;
			buildConfigurations = (
				2EB6160C1D506609006B1A37 /* Debug */,
				2EB6160D1D506609006B1A37 /* Release */,
			);
			defaultConfigurationIsVisible = 0;
		};
/* End XCConfigurationList section */
	};
	rootObject = 2EB615D01D506609006B1A37 /* Project object */;
}
